
Microsoft Visual Studio Solution File, Format Version 12.00
Project("{2150E333-8FDC-42A3-9474-1A3956D46DE8}") = "src", "src", "{CD1C1CF3-2FD4-4113-9D92-4698699178C2}"
EndProject
Project("{FAE04EC0-301F-11D3-BF4B-00C04F79EFBC}") = "SM.Domain", "SM.Domain\SM.Domain.csproj", "{DDBAECC3-5DBC-4339-BF2C-A90EDCBB70CD}"
EndProject
Project("{FAE04EC0-301F-11D3-BF4B-00C04F79EFBC}") = "SM.Application", "SM.Application\SM.Application.csproj", "{05BFA833-0CDB-4DAE-BA90-E29FB4277503}"
EndProject
Project("{FAE04EC0-301F-11D3-BF4B-00C04F79EFBC}") = "SM.Infrastructure", "SM.Infrastructure\SM.Infrastructure.csproj", "{9FF9CD2E-0A94-45F2-8A28-83E5E00AC583}"
EndProject
Project("{FAE04EC0-301F-11D3-BF4B-00C04F79EFBC}") = "SM.Api", "SM.Api\SM.Api.csproj", "{B3308548-1647-496C-82DB-33833E832AA1}"
EndProject
Project("{2150E333-8FDC-42A3-9474-1A3956D46DE8}") = "Tests", "Tests", "{C0485735-246F-4A5D-BA3F-056C4AC5039E}"
EndProject
Project("{FAE04EC0-301F-11D3-BF4B-00C04F79EFBC}") = "SM.Tests", "SM.Tests\SM.Tests.csproj", "{23444863-3C8C-4AF8-B977-18713C3C2D98}"
EndProject
Global
	GlobalSection(SolutionConfigurationPlatforms) = preSolution
		Debug|Any CPU = Debug|Any CPU
		Release|Any CPU = Release|Any CPU
	EndGlobalSection
	GlobalSection(NestedProjects) = preSolution
		{DDBAECC3-5DBC-4339-BF2C-A90EDCBB70CD} = {CD1C1CF3-2FD4-4113-9D92-4698699178C2}
		{05BFA833-0CDB-4DAE-BA90-E29FB4277503} = {CD1C1CF3-2FD4-4113-9D92-4698699178C2}
		{9FF9CD2E-0A94-45F2-8A28-83E5E00AC583} = {CD1C1CF3-2FD4-4113-9D92-4698699178C2}
		{B3308548-1647-496C-82DB-33833E832AA1} = {CD1C1CF3-2FD4-4113-9D92-4698699178C2}
		{23444863-3C8C-4AF8-B977-18713C3C2D98} = {C0485735-246F-4A5D-BA3F-056C4AC5039E}
	EndGlobalSection
	GlobalSection(ProjectConfigurationPlatforms) = postSolution
		{DDBAECC3-5DBC-4339-BF2C-A90EDCBB70CD}.Debug|Any CPU.ActiveCfg = Debug|Any CPU
		{DDBAECC3-5DBC-4339-BF2C-A90EDCBB70CD}.Debug|Any CPU.Build.0 = Debug|Any CPU
		{DDBAECC3-5DBC-4339-BF2C-A90EDCBB70CD}.Release|Any CPU.ActiveCfg = Release|Any CPU
		{DDBAECC3-5DBC-4339-BF2C-A90EDCBB70CD}.Release|Any CPU.Build.0 = Release|Any CPU
		{05BFA833-0CDB-4DAE-BA90-E29FB4277503}.Debug|Any CPU.ActiveCfg = Debug|Any CPU
		{05BFA833-0CDB-4DAE-BA90-E29FB4277503}.Debug|Any CPU.Build.0 = Debug|Any CPU
		{05BFA833-0CDB-4DAE-BA90-E29FB4277503}.Release|Any CPU.ActiveCfg = Release|Any CPU
		{05BFA833-0CDB-4DAE-BA90-E29FB4277503}.Release|Any CPU.Build.0 = Release|Any CPU
		{9FF9CD2E-0A94-45F2-8A28-83E5E00AC583}.Debug|Any CPU.ActiveCfg = Debug|Any CPU
		{9FF9CD2E-0A94-45F2-8A28-83E5E00AC583}.Debug|Any CPU.Build.0 = Debug|Any CPU
		{9FF9CD2E-0A94-45F2-8A28-83E5E00AC583}.Release|Any CPU.ActiveCfg = Release|Any CPU
		{9FF9CD2E-0A94-45F2-8A28-83E5E00AC583}.Release|Any CPU.Build.0 = Release|Any CPU
		{B3308548-1647-496C-82DB-33833E832AA1}.Debug|Any CPU.ActiveCfg = Debug|Any CPU
		{B3308548-1647-496C-82DB-33833E832AA1}.Debug|Any CPU.Build.0 = Debug|Any CPU
		{B3308548-1647-496C-82DB-33833E832AA1}.Release|Any CPU.ActiveCfg = Release|Any CPU
		{B3308548-1647-496C-82DB-33833E832AA1}.Release|Any CPU.Build.0 = Release|Any CPU
		{23444863-3C8C-4AF8-B977-18713C3C2D98}.Debug|Any CPU.ActiveCfg = Debug|Any CPU
		{23444863-3C8C-4AF8-B977-18713C3C2D98}.Debug|Any CPU.Build.0 = Debug|Any CPU
		{23444863-3C8C-4AF8-B977-18713C3C2D98}.Release|Any CPU.ActiveCfg = Release|Any CPU
		{23444863-3C8C-4AF8-B977-18713C3C2D98}.Release|Any CPU.Build.0 = Release|Any CPU
	EndGlobalSection
EndGlobal
